<Solution>
  <Folder Name="/tests/">
    <Project Path="tests/ManagedCode.DotnetSkills.Tests/ManagedCode.DotnetSkills.Tests.csproj" />
  </Folder>
  <Folder Name="/cli/">
    <Project Path="cli/ManagedCode.Agents/ManagedCode.Agents.csproj" />
    <Project Path="cli/ManagedCode.DotnetAgents/ManagedCode.DotnetAgents.csproj" />
    <Project Path="cli/ManagedCode.DotnetSkills/ManagedCode.DotnetSkills.csproj" />
  </Folder>
</Solution>
